
Microsoft Visual Studio Solution File, Format Version 12.00
# Visual Studio Version 16
VisualStudioVersion = 16.0.31729.503
MinimumVisualStudioVersion = 10.0.40219.1
Project("{2150E333-8FDC-42A3-9474-1A3956D46DE8}") = "Section5", "Section5", "{CEDBF563-7CB6-4F64-96EA-AE2E20C58586}"
EndProject
Project("{FAE04EC0-301F-11D3-BF4B-00C04F79EFBC}") = "Section5", "Section5\Section5.csproj", "{BB9742CF-C386-4C65-A39D-D5B46477BD68}"
EndProject
Project("{2150E333-8FDC-42A3-9474-1A3956D46DE8}") = "Section7", "Section7", "{0974852C-9198-4BFC-8A4C-2C22C48FEE17}"
EndProject
Project("{FAE04EC0-301F-11D3-BF4B-00C04F79EFBC}") = "Section7", "Section7\Section7.csproj", "{E84AF656-DF91-46EA-9607-3E0DA6A41044}"
EndProject
Project("{2150E333-8FDC-42A3-9474-1A3956D46DE8}") = "Section8", "Section8", "{1E6499BB-840F-4D10-A7CC-681B844EB502}"
EndProject
Project("{2150E333-8FDC-42A3-9474-1A3956D46DE8}") = "Section9", "Section9", "{49168B3F-48EA-4281-AA4C-236A812D3F26}"
EndProject
Project("{FAE04EC0-301F-11D3-BF4B-00C04F79EFBC}") = "Section8", "Section8\Section8.csproj", "{709458C3-D311-4143-9E9D-09CB77E5FF75}"
EndProject
Project("{FAE04EC0-301F-11D3-BF4B-00C04F79EFBC}") = "Section9", "Section9\Section9.csproj", "{34D6711A-FF45-417F-8928-843745D5FBDE}"
EndProject
Project("{2150E333-8FDC-42A3-9474-1A3956D46DE8}") = "Section10", "Section10", "{0FA47111-03FB-41E8-9BD0-A8DCCE9AC5ED}"
EndProject
Project("{FAE04EC0-301F-11D3-BF4B-00C04F79EFBC}") = "Section10", "Section10\Section10.csproj", "{5192323C-51EB-4B1B-851B-938D407BA93C}"
EndProject
Project("{2150E333-8FDC-42A3-9474-1A3956D46DE8}") = "Section11", "Section11", "{56A881A4-CCE3-4E11-BB2B-D584BB5196AB}"
EndProject
Project("{FAE04EC0-301F-11D3-BF4B-00C04F79EFBC}") = "Section11", "Section11\Section11.csproj", "{908AB00B-3B9A-416A-9FE2-2AAA90DBAE5A}"
EndProject
Project("{2150E333-8FDC-42A3-9474-1A3956D46DE8}") = "Section12", "Section12", "{BDA11543-F77A-48DA-A590-1D144FDEEF2B}"
EndProject
Project("{9A19103F-16F7-4668-BE54-9A1E7A4F7556}") = "Section12", "Section12\Section12.csproj", "{63FF0C43-C099-4C17-974C-C492C9A4F46C}"
EndProject
Project("{2150E333-8FDC-42A3-9474-1A3956D46DE8}") = "Midterm Exam", "Midterm Exam", "{3DEE1244-95DC-497F-8B94-397CEA15FAD4}"
EndProject
Project("{FAE04EC0-301F-11D3-BF4B-00C04F79EFBC}") = "MidTermExam", "MidTermExam\MidTermExam.csproj", "{4DBFBBAD-7DB9-4DBB-A729-88C7E7A90DB2}"
EndProject
Project("{2150E333-8FDC-42A3-9474-1A3956D46DE8}") = "Section13", "Section13", "{B551C169-3640-462C-B0A1-567D3334C5B3}"
EndProject
Project("{FAE04EC0-301F-11D3-BF4B-00C04F79EFBC}") = "Section13", "Section13\Section13.csproj", "{334CCAB0-9430-4F0F-B869-0D9F45452ADF}"
EndProject
Project("{2150E333-8FDC-42A3-9474-1A3956D46DE8}") = "Section14", "Section14", "{22388DCC-DAA9-4489-A79C-B4BFF0CF50E0}"
EndProject
Project("{FAE04EC0-301F-11D3-BF4B-00C04F79EFBC}") = "Section14", "Section14\Section14.csproj", "{834E0273-80FF-40E5-81B1-5183E72212DB}"
EndProject
Project("{FAE04EC0-301F-11D3-BF4B-00C04F79EFBC}") = "Delegates", "Delegates\Delegates.csproj", "{992C3D8D-FAA2-4351-8499-DA38129EBD83}"
EndProject
Global
	GlobalSection(SolutionConfigurationPlatforms) = preSolution
		Debug|Any CPU = Debug|Any CPU
		Release|Any CPU = Release|Any CPU
	EndGlobalSection
	GlobalSection(ProjectConfigurationPlatforms) = postSolution
		{BB9742CF-C386-4C65-A39D-D5B46477BD68}.Debug|Any CPU.ActiveCfg = Debug|Any CPU
		{BB9742CF-C386-4C65-A39D-D5B46477BD68}.Debug|Any CPU.Build.0 = Debug|Any CPU
		{BB9742CF-C386-4C65-A39D-D5B46477BD68}.Release|Any CPU.ActiveCfg = Release|Any CPU
		{BB9742CF-C386-4C65-A39D-D5B46477BD68}.Release|Any CPU.Build.0 = Release|Any CPU
		{E84AF656-DF91-46EA-9607-3E0DA6A41044}.Debug|Any CPU.ActiveCfg = Debug|Any CPU
		{E84AF656-DF91-46EA-9607-3E0DA6A41044}.Debug|Any CPU.Build.0 = Debug|Any CPU
		{E84AF656-DF91-46EA-9607-3E0DA6A41044}.Release|Any CPU.ActiveCfg = Release|Any CPU
		{E84AF656-DF91-46EA-9607-3E0DA6A41044}.Release|Any CPU.Build.0 = Release|Any CPU
		{709458C3-D311-4143-9E9D-09CB77E5FF75}.Debug|Any CPU.ActiveCfg = Debug|Any CPU
		{709458C3-D311-4143-9E9D-09CB77E5FF75}.Debug|Any CPU.Build.0 = Debug|Any CPU
		{709458C3-D311-4143-9E9D-09CB77E5FF75}.Release|Any CPU.ActiveCfg = Release|Any CPU
		{709458C3-D311-4143-9E9D-09CB77E5FF75}.Release|Any CPU.Build.0 = Release|Any CPU
		{34D6711A-FF45-417F-8928-843745D5FBDE}.Debug|Any CPU.ActiveCfg = Debug|Any CPU
		{34D6711A-FF45-417F-8928-843745D5FBDE}.Debug|Any CPU.Build.0 = Debug|Any CPU
		{34D6711A-FF45-417F-8928-843745D5FBDE}.Release|Any CPU.ActiveCfg = Release|Any CPU
		{34D6711A-FF45-417F-8928-843745D5FBDE}.Release|Any CPU.Build.0 = Release|Any CPU
		{5192323C-51EB-4B1B-851B-938D407BA93C}.Debug|Any CPU.ActiveCfg = Debug|Any CPU
		{5192323C-51EB-4B1B-851B-938D407BA93C}.Debug|Any CPU.Build.0 = Debug|Any CPU
		{5192323C-51EB-4B1B-851B-938D407BA93C}.Release|Any CPU.ActiveCfg = Release|Any CPU
		{5192323C-51EB-4B1B-851B-938D407BA93C}.Release|Any CPU.Build.0 = Release|Any CPU
		{908AB00B-3B9A-416A-9FE2-2AAA90DBAE5A}.Debug|Any CPU.ActiveCfg = Debug|Any CPU
		{908AB00B-3B9A-416A-9FE2-2AAA90DBAE5A}.Debug|Any CPU.Build.0 = Debug|Any CPU
		{908AB00B-3B9A-416A-9FE2-2AAA90DBAE5A}.Release|Any CPU.ActiveCfg = Release|Any CPU
		{908AB00B-3B9A-416A-9FE2-2AAA90DBAE5A}.Release|Any CPU.Build.0 = Release|Any CPU
		{63FF0C43-C099-4C17-974C-C492C9A4F46C}.Debug|Any CPU.ActiveCfg = Debug|Any CPU
		{63FF0C43-C099-4C17-974C-C492C9A4F46C}.Debug|Any CPU.Build.0 = Debug|Any CPU
		{63FF0C43-C099-4C17-974C-C492C9A4F46C}.Release|Any CPU.ActiveCfg = Release|Any CPU
		{63FF0C43-C099-4C17-974C-C492C9A4F46C}.Release|Any CPU.Build.0 = Release|Any CPU
		{4DBFBBAD-7DB9-4DBB-A729-88C7E7A90DB2}.Debug|Any CPU.ActiveCfg = Debug|Any CPU
		{4DBFBBAD-7DB9-4DBB-A729-88C7E7A90DB2}.Debug|Any CPU.Build.0 = Debug|Any CPU
		{4DBFBBAD-7DB9-4DBB-A729-88C7E7A90DB2}.Release|Any CPU.ActiveCfg = Release|Any CPU
		{4DBFBBAD-7DB9-4DBB-A729-88C7E7A90DB2}.Release|Any CPU.Build.0 = Release|Any CPU
		{334CCAB0-9430-4F0F-B869-0D9F45452ADF}.Debug|Any CPU.ActiveCfg = Debug|Any CPU
		{334CCAB0-9430-4F0F-B869-0D9F45452ADF}.Debug|Any CPU.Build.0 = Debug|Any CPU
		{334CCAB0-9430-4F0F-B869-0D9F45452ADF}.Release|Any CPU.ActiveCfg = Release|Any CPU
		{334CCAB0-9430-4F0F-B869-0D9F45452ADF}.Release|Any CPU.Build.0 = Release|Any CPU
		{834E0273-80FF-40E5-81B1-5183E72212DB}.Debug|Any CPU.ActiveCfg = Debug|Any CPU
		{834E0273-80FF-40E5-81B1-5183E72212DB}.Debug|Any CPU.Build.0 = Debug|Any CPU
		{834E0273-80FF-40E5-81B1-5183E72212DB}.Release|Any CPU.ActiveCfg = Release|Any CPU
		{834E0273-80FF-40E5-81B1-5183E72212DB}.Release|Any CPU.Build.0 = Release|Any CPU
		{992C3D8D-FAA2-4351-8499-DA38129EBD83}.Debug|Any CPU.ActiveCfg = Debug|Any CPU
		{992C3D8D-FAA2-4351-8499-DA38129EBD83}.Debug|Any CPU.Build.0 = Debug|Any CPU
		{992C3D8D-FAA2-4351-8499-DA38129EBD83}.Release|Any CPU.ActiveCfg = Release|Any CPU
		{992C3D8D-FAA2-4351-8499-DA38129EBD83}.Release|Any CPU.Build.0 = Release|Any CPU
	EndGlobalSection
	GlobalSection(SolutionProperties) = preSolution
		HideSolutionNode = FALSE
	EndGlobalSection
	GlobalSection(NestedProjects) = preSolution
		{BB9742CF-C386-4C65-A39D-D5B46477BD68} = {CEDBF563-7CB6-4F64-96EA-AE2E20C58586}
		{E84AF656-DF91-46EA-9607-3E0DA6A41044} = {0974852C-9198-4BFC-8A4C-2C22C48FEE17}
		{709458C3-D311-4143-9E9D-09CB77E5FF75} = {1E6499BB-840F-4D10-A7CC-681B844EB502}
		{34D6711A-FF45-417F-8928-843745D5FBDE} = {49168B3F-48EA-4281-AA4C-236A812D3F26}
		{5192323C-51EB-4B1B-851B-938D407BA93C} = {0FA47111-03FB-41E8-9BD0-A8DCCE9AC5ED}
		{908AB00B-3B9A-416A-9FE2-2AAA90DBAE5A} = {56A881A4-CCE3-4E11-BB2B-D584BB5196AB}
		{63FF0C43-C099-4C17-974C-C492C9A4F46C} = {BDA11543-F77A-48DA-A590-1D144FDEEF2B}
		{4DBFBBAD-7DB9-4DBB-A729-88C7E7A90DB2} = {3DEE1244-95DC-497F-8B94-397CEA15FAD4}
		{334CCAB0-9430-4F0F-B869-0D9F45452ADF} = {B551C169-3640-462C-B0A1-567D3334C5B3}
		{834E0273-80FF-40E5-81B1-5183E72212DB} = {22388DCC-DAA9-4489-A79C-B4BFF0CF50E0}
		{992C3D8D-FAA2-4351-8499-DA38129EBD83} = {22388DCC-DAA9-4489-A79C-B4BFF0CF50E0}
	EndGlobalSection
	GlobalSection(ExtensibilityGlobals) = postSolution
		SolutionGuid = {2638A1EF-E03D-4910-9D3E-43D3BD344E98}
	EndGlobalSection
EndGlobal
